
Microsoft Visual Studio Solution File, Format Version 12.00
# Visual Studio 15
VisualStudioVersion = 15.0.26430.16
MinimumVisualStudioVersion = 10.0.40219.1
Project("{8BC9CEB8-8B4A-11D0-8D11-00A0C91BC942}") = "References_Practice", "C_Plus_Plus_Practice\C_Plus_Plus_Practice.vcxproj", "{6CA72C97-7846-469F-8307-6648710F20B7}"
EndProject
Project("{8BC9CEB8-8B4A-11D0-8D11-00A0C91BC942}") = "Structures_Practice", "Structures_Practice\Structures_Practice.vcxproj", "{A7DAF6E8-9A95-4BAA-807F-9DBECD2B964E}"
EndProject
Project("{8BC9CEB8-8B4A-11D0-8D11-00A0C91BC942}") = "Pointers_Practice", "Pointers_Practice\Pointers_Practice.vcxproj", "{59BFDBD4-51F3-4E70-8913-7FB87556EB7F}"
EndProject
Project("{8BC9CEB8-8B4A-11D0-8D11-00A0C91BC942}") = "Object_Practice", "Object_Practice\Object_Practice.vcxproj", "{F7A609E6-9F4F-45A1-9124-8646BA10BF29}"
EndProject
Project("{8BC9CEB8-8B4A-11D0-8D11-00A0C91BC942}") = "Local_and_Freestore_Objects", "Local_and_Freestore_Objects\Local_and_Freestore_Objects.vcxproj", "{C3268935-A436-4505-8559-39D045AA3ECB}"
EndProject
Project("{8BC9CEB8-8B4A-11D0-8D11-00A0C91BC942}") = "Object_Factory", "Object_Factory\Object_Factory.vcxproj", "{35D62B6F-13F9-4C94-816D-D751D724988C}"
EndProject
Global
	GlobalSection(SolutionConfigurationPlatforms) = preSolution
		Debug|x64 = Debug|x64
		Debug|x86 = Debug|x86
		Release|x64 = Release|x64
		Release|x86 = Release|x86
	EndGlobalSection
	GlobalSection(ProjectConfigurationPlatforms) = postSolution
		{6CA72C97-7846-469F-8307-6648710F20B7}.Debug|x64.ActiveCfg = Debug|x64
		{6CA72C97-7846-469F-8307-6648710F20B7}.Debug|x64.Build.0 = Debug|x64
		{6CA72C97-7846-469F-8307-6648710F20B7}.Debug|x86.ActiveCfg = Debug|Win32
		{6CA72C97-7846-469F-8307-6648710F20B7}.Debug|x86.Build.0 = Debug|Win32
		{6CA72C97-7846-469F-8307-6648710F20B7}.Release|x64.ActiveCfg = Release|x64
		{6CA72C97-7846-469F-8307-6648710F20B7}.Release|x64.Build.0 = Release|x64
		{6CA72C97-7846-469F-8307-6648710F20B7}.Release|x86.ActiveCfg = Release|Win32
		{6CA72C97-7846-469F-8307-6648710F20B7}.Release|x86.Build.0 = Release|Win32
		{A7DAF6E8-9A95-4BAA-807F-9DBECD2B964E}.Debug|x64.ActiveCfg = Debug|x64
		{A7DAF6E8-9A95-4BAA-807F-9DBECD2B964E}.Debug|x64.Build.0 = Debug|x64
		{A7DAF6E8-9A95-4BAA-807F-9DBECD2B964E}.Debug|x86.ActiveCfg = Debug|Win32
		{A7DAF6E8-9A95-4BAA-807F-9DBECD2B964E}.Debug|x86.Build.0 = Debug|Win32
		{A7DAF6E8-9A95-4BAA-807F-9DBECD2B964E}.Release|x64.ActiveCfg = Release|x64
		{A7DAF6E8-9A95-4BAA-807F-9DBECD2B964E}.Release|x64.Build.0 = Release|x64
		{A7DAF6E8-9A95-4BAA-807F-9DBECD2B964E}.Release|x86.ActiveCfg = Release|Win32
		{A7DAF6E8-9A95-4BAA-807F-9DBECD2B964E}.Release|x86.Build.0 = Release|Win32
		{59BFDBD4-51F3-4E70-8913-7FB87556EB7F}.Debug|x64.ActiveCfg = Debug|x64
		{59BFDBD4-51F3-4E70-8913-7FB87556EB7F}.Debug|x64.Build.0 = Debug|x64
		{59BFDBD4-51F3-4E70-8913-7FB87556EB7F}.Debug|x86.ActiveCfg = Debug|Win32
		{59BFDBD4-51F3-4E70-8913-7FB87556EB7F}.Debug|x86.Build.0 = Debug|Win32
		{59BFDBD4-51F3-4E70-8913-7FB87556EB7F}.Release|x64.ActiveCfg = Release|x64
		{59BFDBD4-51F3-4E70-8913-7FB87556EB7F}.Release|x64.Build.0 = Release|x64
		{59BFDBD4-51F3-4E70-8913-7FB87556EB7F}.Release|x86.ActiveCfg = Release|Win32
		{59BFDBD4-51F3-4E70-8913-7FB87556EB7F}.Release|x86.Build.0 = Release|Win32
		{F7A609E6-9F4F-45A1-9124-8646BA10BF29}.Debug|x64.ActiveCfg = Debug|x64
		{F7A609E6-9F4F-45A1-9124-8646BA10BF29}.Debug|x64.Build.0 = Debug|x64
		{F7A609E6-9F4F-45A1-9124-8646BA10BF29}.Debug|x86.ActiveCfg = Debug|Win32
		{F7A609E6-9F4F-45A1-9124-8646BA10BF29}.Debug|x86.Build.0 = Debug|Win32
		{F7A609E6-9F4F-45A1-9124-8646BA10BF29}.Release|x64.ActiveCfg = Release|x64
		{F7A609E6-9F4F-45A1-9124-8646BA10BF29}.Release|x64.Build.0 = Release|x64
		{F7A609E6-9F4F-45A1-9124-8646BA10BF29}.Release|x86.ActiveCfg = Release|Win32
		{F7A609E6-9F4F-45A1-9124-8646BA10BF29}.Release|x86.Build.0 = Release|Win32
		{C3268935-A436-4505-8559-39D045AA3ECB}.Debug|x64.ActiveCfg = Debug|x64
		{C3268935-A436-4505-8559-39D045AA3ECB}.Debug|x64.Build.0 = Debug|x64
		{C3268935-A436-4505-8559-39D045AA3ECB}.Debug|x86.ActiveCfg = Debug|Win32
		{C3268935-A436-4505-8559-39D045AA3ECB}.Debug|x86.Build.0 = Debug|Win32
		{C3268935-A436-4505-8559-39D045AA3ECB}.Release|x64.ActiveCfg = Release|x64
		{C3268935-A436-4505-8559-39D045AA3ECB}.Release|x64.Build.0 = Release|x64
		{C3268935-A436-4505-8559-39D045AA3ECB}.Release|x86.ActiveCfg = Release|Win32
		{C3268935-A436-4505-8559-39D045AA3ECB}.Release|x86.Build.0 = Release|Win32
		{35D62B6F-13F9-4C94-816D-D751D724988C}.Debug|x64.ActiveCfg = Debug|x64
		{35D62B6F-13F9-4C94-816D-D751D724988C}.Debug|x64.Build.0 = Debug|x64
		{35D62B6F-13F9-4C94-816D-D751D724988C}.Debug|x86.ActiveCfg = Debug|Win32
		{35D62B6F-13F9-4C94-816D-D751D724988C}.Debug|x86.Build.0 = Debug|Win32
		{35D62B6F-13F9-4C94-816D-D751D724988C}.Release|x64.ActiveCfg = Release|x64
		{35D62B6F-13F9-4C94-816D-D751D724988C}.Release|x64.Build.0 = Release|x64
		{35D62B6F-13F9-4C94-816D-D751D724988C}.Release|x86.ActiveCfg = Release|Win32
		{35D62B6F-13F9-4C94-816D-D751D724988C}.Release|x86.Build.0 = Release|Win32
	EndGlobalSection
	GlobalSection(SolutionProperties) = preSolution
		HideSolutionNode = FALSE
	EndGlobalSection
EndGlobal
